
Microsoft Visual Studio Solution File, Format Version 12.00
# Visual Studio Version 17
VisualStudioVersion = 17.4.33205.214
MinimumVisualStudioVersion = 10.0.40219.1
Project("{FAE04EC0-301F-11D3-BF4B-00C04F79EFBC}") = "LoopNet", "LoopNet\LoopNet.csproj", "{480DC4DE-9D94-465E-B8CB-D15F5351D987}"
EndProject
Project("{FAE04EC0-301F-11D3-BF4B-00C04F79EFBC}") = "LoopNetConsole", "LoopNetConsole\LoopNetConsole.csproj", "{4EAFA753-059C-4FE7-9A4F-8118FC9111C6}"
	ProjectSection(ProjectDependencies) = postProject
		{480DC4DE-9D94-465E-B8CB-D15F5351D987} = {480DC4DE-9D94-465E-B8CB-D15F5351D987}
	EndProjectSection
EndProject
Project("{FAE04EC0-301F-11D3-BF4B-00C04F79EFBC}") = "LoopNetTests", "LoopNetTests\LoopNetTests.csproj", "{C04DD534-32B3-4734-8F0F-B56F2F53A7C0}"
EndProject
Global
	GlobalSection(SolutionConfigurationPlatforms) = preSolution
		Debug|Any CPU = Debug|Any CPU
		Release|Any CPU = Release|Any CPU
	EndGlobalSection
	GlobalSection(ProjectConfigurationPlatforms) = postSolution
		{480DC4DE-9D94-465E-B8CB-D15F5351D987}.Debug|Any CPU.ActiveCfg = Debug|Any CPU
		{480DC4DE-9D94-465E-B8CB-D15F5351D987}.Debug|Any CPU.Build.0 = Debug|Any CPU
		{480DC4DE-9D94-465E-B8CB-D15F5351D987}.Release|Any CPU.ActiveCfg = Release|Any CPU
		{480DC4DE-9D94-465E-B8CB-D15F5351D987}.Release|Any CPU.Build.0 = Release|Any CPU
		{4EAFA753-059C-4FE7-9A4F-8118FC9111C6}.Debug|Any CPU.ActiveCfg = Debug|Any CPU
		{4EAFA753-059C-4FE7-9A4F-8118FC9111C6}.Debug|Any CPU.Build.0 = Debug|Any CPU
		{4EAFA753-059C-4FE7-9A4F-8118FC9111C6}.Release|Any CPU.ActiveCfg = Release|Any CPU
		{4EAFA753-059C-4FE7-9A4F-8118FC9111C6}.Release|Any CPU.Build.0 = Release|Any CPU
		{C04DD534-32B3-4734-8F0F-B56F2F53A7C0}.Debug|Any CPU.ActiveCfg = Debug|Any CPU
		{C04DD534-32B3-4734-8F0F-B56F2F53A7C0}.Debug|Any CPU.Build.0 = Debug|Any CPU
		{C04DD534-32B3-4734-8F0F-B56F2F53A7C0}.Release|Any CPU.ActiveCfg = Release|Any CPU
		{C04DD534-32B3-4734-8F0F-B56F2F53A7C0}.Release|Any CPU.Build.0 = Release|Any CPU
	EndGlobalSection
	GlobalSection(SolutionProperties) = preSolution
		HideSolutionNode = FALSE
	EndGlobalSection
	GlobalSection(ExtensibilityGlobals) = postSolution
		SolutionGuid = {2B1F6CCD-0B88-4867-B7D1-335E25E6BCFE}
	EndGlobalSection
EndGlobal
